
Microsoft Visual Studio Solution File, Format Version 12.00
# Visual Studio Version 17
VisualStudioVersion = 17.4.33205.214
MinimumVisualStudioVersion = 10.0.40219.1
Project("{FAE04EC0-301F-11D3-BF4B-00C04F79EFBC}") = "Back-End", "Back-End\Back-End.csproj", "{18205FD1-0914-49A7-9426-95D46419CD96}"
EndProject
Global
	GlobalSection(SolutionConfigurationPlatforms) = preSolution
		Debug|Any CPU = Debug|Any CPU
		Release|Any CPU = Release|Any CPU
	EndGlobalSection
	GlobalSection(ProjectConfigurationPlatforms) = postSolution
		{18205FD1-0914-49A7-9426-95D46419CD96}.Debug|Any CPU.ActiveCfg = Debug|Any CPU
		{18205FD1-0914-49A7-9426-95D46419CD96}.Debug|Any CPU.Build.0 = Debug|Any CPU
		{18205FD1-0914-49A7-9426-95D46419CD96}.Release|Any CPU.ActiveCfg = Release|Any CPU
		{18205FD1-0914-49A7-9426-95D46419CD96}.Release|Any CPU.Build.0 = Release|Any CPU
	EndGlobalSection
	GlobalSection(SolutionProperties) = preSolution
		HideSolutionNode = FALSE
	EndGlobalSection
	GlobalSection(ExtensibilityGlobals) = postSolution
		SolutionGuid = {D581B8BC-B84E-49DA-B28E-69D5BDC2ECD2}
	EndGlobalSection
EndGlobal
